[[dependencies]]
name = "@openzeppelin-accounts"
version = "0.0.0-e4c2a32a"
git = "https://github.com/OpenZeppelin/openzeppelin-accounts.git"
rev = "e4c2a32ad7378741a3cc4f2030f7d21d5ac53d28"

[[dependencies]]
name = "@openzeppelin-contracts"
version = "5.7.0-rc.0"
git = "https://github.com/OpenZeppelin/openzeppelin-contracts.git"
rev = "2d59c17d9f9ffac7ae721f8eb29aa9544daf558f"

[[dependencies]]
name = "@openzeppelin-contracts-upgradeable"
version = "5.7.0-rc.0"
git = "https://github.com/OpenZeppelin/openzeppelin-contracts-upgradeable.git"
rev = "c2462606bc1322a80d742159b2ff2728b5f76ecd"

[[dependencies]]
name = "forge-std"
version = "v1.14.0"
git = "https://github.com/foundry-rs/forge-std.git"
rev = "1801b0541f4fda118a10798fd3486bb7051c5dd6"
